# THIS IS AN AUTOGENERATED FILE. DO NOT EDIT THIS FILE DIRECTLY.
# yarn lockfile v1


axios@^0.21.1:
  version "0.21.1"
  resolved "https://registry.yarnpkg.com/axios/-/axios-0.21.1.tgz#22563481962f4d6bde9a76d516ef0e5d3c09b2b8"
  integrity sha512-dKQiRHxGD9PPRIUNIWvZhPTPpl1rf/OxTYKsqKUDjBwYylTvV7SjSHJb9ratfyzM6wCdLCOYLzs73qpg5c4iGA==
  dependencies:
    follow-redirects "^1.10.0"

deeks@2.4.1:
  version "2.4.1"
  resolved "https://registry.yarnpkg.com/deeks/-/deeks-2.4.1.tgz#81bf1814035f34dce9739a52bbed8aaaf56dccbb"
  integrity sha512-18Zd9f6dqyAFDoPttDdD8w5u7xy9M1IoxhpSsaatFwI4O+wZyUK+rDtwul4s6iYSfUfZBXPfUbxZrKHDqpEQYA==

doc-path@3.0.1:
  version "3.0.1"
  resolved "https://registry.yarnpkg.com/doc-path/-/doc-path-3.0.1.tgz#81c10f2f5b2178e59d8777f693b24d26e0e1f670"
  integrity sha512-Z7yrgf71bNXFK7dHqanaJO6QOkDsIemcxQqEyhIVY/Jfcwm8mMmCHV/w7UZyr9NzTFFbo698TFiLc5exfHNvog==

follow-redirects@^1.10.0:
  version "1.14.1"
  resolved "https://registry.yarnpkg.com/follow-redirects/-/follow-redirects-1.14.1.tgz#d9114ded0a1cfdd334e164e6662ad02bfd91ff43"
  integrity sha512-HWqDgT7ZEkqRzBvc2s64vSZ/hfOceEol3ac/7tKwzuvEyWx3/4UegXh5oBOIotkGsObyk3xznnSRVADBgWSQVg==

json-2-csv@^3.14.2:
  version "3.14.2"
  resolved "https://registry.yarnpkg.com/json-2-csv/-/json-2-csv-3.14.2.tgz#2be15acb778f80e8e16e6ba5d8c5da8d98ebbce3"
  integrity sha512-S3hqi/fNxOn/CL/Am8uFHzPqOlpbnVh1nF5dYd9v41g5NGjLE6FJ9nMFRKiemrBR+ow5e/n9+9xpwHDsydpEcQ==
  dependencies:
    deeks "2.4.1"
    doc-path "3.0.1"
